// !$*UTF8*$!
{
	archiveVersion = 1;
	classes = {
	};
	objectVersion = 56;
	objects = {

/* Begin PBXBuildFile section */
		447E9C4E2A6E445500A0A9FD /* MainCoordinator.swift in Sources */ = {isa = PBXBuildFile; fileRef = 447E9C4D2A6E445500A0A9FD /* MainCoordinator.swift */; };
		44C61E962A444D9000DF483C /* AppDelegate.swift in Sources */ = {isa = PBXBuildFile; fileRef = 44C61E952A444D9000DF483C /* AppDelegate.swift */; };
		44C61E982A444D9000DF483C /* SceneDelegate.swift in Sources */ = {isa = PBXBuildFile; fileRef = 44C61E972A444D9000DF483C /* SceneDelegate.swift */; };
		44C61E9A2A444D9000DF483C /* MenuViewController.swift in Sources */ = {isa = PBXBuildFile; fileRef = 44C61E992A444D9000DF483C /* MenuViewController.swift */; };
		44C61E9F2A444D9100DF483C /* Assets.xcassets in Resources */ = {isa = PBXBuildFile; fileRef = 44C61E9E2A444D9100DF483C /* Assets.xcassets */; };
		44C61EA22A444D9100DF483C /* LaunchScreen.storyboard in Resources */ = {isa = PBXBuildFile; fileRef = 44C61EA02A444D9100DF483C /* LaunchScreen.storyboard */; };
		44C61EAD2A444D9200DF483C /* Pizza_mizzaTests.swift in Sources */ = {isa = PBXBuildFile; fileRef = 44C61EAC2A444D9200DF483C /* Pizza_mizzaTests.swift */; };
		44C61EB72A444D9200DF483C /* Pizza_mizzaUITests.swift in Sources */ = {isa = PBXBuildFile; fileRef = 44C61EB62A444D9200DF483C /* Pizza_mizzaUITests.swift */; };
		44C61EB92A444D9200DF483C /* Pizza_mizzaUITestsLaunchTests.swift in Sources */ = {isa = PBXBuildFile; fileRef = 44C61EB82A444D9200DF483C /* Pizza_mizzaUITestsLaunchTests.swift */; };
		44C61ED12A44551D00DF483C /* Constants.swift in Sources */ = {isa = PBXBuildFile; fileRef = 44C61ED02A44551D00DF483C /* Constants.swift */; };
		44C61ED92A44588B00DF483C /* MainModelProtocol.swift in Sources */ = {isa = PBXBuildFile; fileRef = 44C61ED82A44588B00DF483C /* MainModelProtocol.swift */; };
		44C61EDD2A445D1D00DF483C /* MainModel.swift in Sources */ = {isa = PBXBuildFile; fileRef = 44C61EDC2A445D1D00DF483C /* MainModel.swift */; };
		44C61EDF2A445EEE00DF483C /* MenuPresenterProtocol.swift in Sources */ = {isa = PBXBuildFile; fileRef = 44C61EDE2A445EEE00DF483C /* MenuPresenterProtocol.swift */; };
		44C61EE12A4463A600DF483C /* MenuPresenter.swift in Sources */ = {isa = PBXBuildFile; fileRef = 44C61EE02A4463A600DF483C /* MenuPresenter.swift */; };
		44C61EE42A44649800DF483C /* NetworkService.swift in Sources */ = {isa = PBXBuildFile; fileRef = 44C61EE32A44649800DF483C /* NetworkService.swift */; };
		44C61EE82A44653F00DF483C /* ItemModel.swift in Sources */ = {isa = PBXBuildFile; fileRef = 44C61EE72A44653F00DF483C /* ItemModel.swift */; };
		44C61EEA2A446D8000DF483C /* NetworkImplement.swift in Sources */ = {isa = PBXBuildFile; fileRef = 44C61EE92A446D8000DF483C /* NetworkImplement.swift */; };
		44C61EEC2A44784500DF483C /* AssemblyModelBuilder.swift in Sources */ = {isa = PBXBuildFile; fileRef = 44C61EEB2A44784500DF483C /* AssemblyModelBuilder.swift */; };
		44C61EF02A456BF000DF483C /* HeaderBannerView.swift in Sources */ = {isa = PBXBuildFile; fileRef = 44C61EEF2A456BF000DF483C /* HeaderBannerView.swift */; };
		44C61EF62A456FDB00DF483C /* HeaderCell.swift in Sources */ = {isa = PBXBuildFile; fileRef = 44C61EF52A456FDB00DF483C /* HeaderCell.swift */; };
		44C61EF92A4573F100DF483C /* MenuTableCell.swift in Sources */ = {isa = PBXBuildFile; fileRef = 44C61EF82A4573F100DF483C /* MenuTableCell.swift */; };
		44C61EFC2A4577F900DF483C /* Kingfisher in Frameworks */ = {isa = PBXBuildFile; productRef = 44C61EFB2A4577F900DF483C /* Kingfisher */; };
		44C61EFF2A45AE2500DF483C /* CategoriesView.swift in Sources */ = {isa = PBXBuildFile; fileRef = 44C61EFE2A45AE2500DF483C /* CategoriesView.swift */; };
		44C61F022A45AE4E00DF483C /* CategoriesCell.swift in Sources */ = {isa = PBXBuildFile; fileRef = 44C61F012A45AE4E00DF483C /* CategoriesCell.swift */; };
/* End PBXBuildFile section */

/* Begin PBXContainerItemProxy section */
		44C61EA92A444D9200DF483C /* PBXContainerItemProxy */ = {
			isa = PBXContainerItemProxy;
			containerPortal = 44C61E8A2A444D9000DF483C /* Project object */;
			proxyType = 1;
			remoteGlobalIDString = 44C61E912A444D9000DF483C;
			remoteInfo = Pizza_mizza;
		};
		44C61EB32A444D9200DF483C /* PBXContainerItemProxy */ = {
			isa = PBXContainerItemProxy;
			containerPortal = 44C61E8A2A444D9000DF483C /* Project object */;
			proxyType = 1;
			remoteGlobalIDString = 44C61E912A444D9000DF483C;
			remoteInfo = Pizza_mizza;
		};
/* End PBXContainerItemProxy section */

/* Begin PBXFileReference section */
		447E9C4D2A6E445500A0A9FD /* MainCoordinator.swift */ = {isa = PBXFileReference; lastKnownFileType = sourcecode.swift; path = MainCoordinator.swift; sourceTree = "<group>"; };
		44C61E922A444D9000DF483C /* Pizza_mizza.app */ = {isa = PBXFileReference; explicitFileType = wrapper.application; includeInIndex = 0; path = Pizza_mizza.app; sourceTree = BUILT_PRODUCTS_DIR; };
		44C61E952A444D9000DF483C /* AppDelegate.swift */ = {isa = PBXFileReference; lastKnownFileType = sourcecode.swift; path = AppDelegate.swift; sourceTree = "<group>"; };
		44C61E972A444D9000DF483C /* SceneDelegate.swift */ = {isa = PBXFileReference; lastKnownFileType = sourcecode.swift; path = SceneDelegate.swift; sourceTree = "<group>"; };
		44C61E992A444D9000DF483C /* MenuViewController.swift */ = {isa = PBXFileReference; lastKnownFileType = sourcecode.swift; path = MenuViewController.swift; sourceTree = "<group>"; };
		44C61E9E2A444D9100DF483C /* Assets.xcassets */ = {isa = PBXFileReference; lastKnownFileType = folder.assetcatalog; path = Assets.xcassets; sourceTree = "<group>"; };
		44C61EA12A444D9100DF483C /* Base */ = {isa = PBXFileReference; lastKnownFileType = file.storyboard; name = Base; path = Base.lproj/LaunchScreen.storyboard; sourceTree = "<group>"; };
		44C61EA32A444D9100DF483C /* Info.plist */ = {isa = PBXFileReference; lastKnownFileType = text.plist.xml; path = Info.plist; sourceTree = "<group>"; };
		44C61EA82A444D9200DF483C /* Pizza_mizzaTests.xctest */ = {isa = PBXFileReference; explicitFileType = wrapper.cfbundle; includeInIndex = 0; path = Pizza_mizzaTests.xctest; sourceTree = BUILT_PRODUCTS_DIR; };
		44C61EAC2A444D9200DF483C /* Pizza_mizzaTests.swift */ = {isa = PBXFileReference; lastKnownFileType = sourcecode.swift; path = Pizza_mizzaTests.swift; sourceTree = "<group>"; };
		44C61EB22A444D9200DF483C /* Pizza_mizzaUITests.xctest */ = {isa = PBXFileReference; explicitFileType = wrapper.cfbundle; includeInIndex = 0; path = Pizza_mizzaUITests.xctest; sourceTree = BUILT_PRODUCTS_DIR; };
		44C61EB62A444D9200DF483C /* Pizza_mizzaUITests.swift */ = {isa = PBXFileReference; lastKnownFileType = sourcecode.swift; path = Pizza_mizzaUITests.swift; sourceTree = "<group>"; };
		44C61EB82A444D9200DF483C /* Pizza_mizzaUITestsLaunchTests.swift */ = {isa = PBXFileReference; lastKnownFileType = sourcecode.swift; path = Pizza_mizzaUITestsLaunchTests.swift; sourceTree = "<group>"; };
		44C61ED02A44551D00DF483C /* Constants.swift */ = {isa = PBXFileReference; lastKnownFileType = sourcecode.swift; path = Constants.swift; sourceTree = "<group>"; };
		44C61ED82A44588B00DF483C /* MainModelProtocol.swift */ = {isa = PBXFileReference; lastKnownFileType = sourcecode.swift; path = MainModelProtocol.swift; sourceTree = "<group>"; };
		44C61EDC2A445D1D00DF483C /* MainModel.swift */ = {isa = PBXFileReference; lastKnownFileType = sourcecode.swift; path = MainModel.swift; sourceTree = "<group>"; };
		44C61EDE2A445EEE00DF483C /* MenuPresenterProtocol.swift */ = {isa = PBXFileReference; lastKnownFileType = sourcecode.swift; path = MenuPresenterProtocol.swift; sourceTree = "<group>"; };
		44C61EE02A4463A600DF483C /* MenuPresenter.swift */ = {isa = PBXFileReference; lastKnownFileType = sourcecode.swift; path = MenuPresenter.swift; sourceTree = "<group>"; };
		44C61EE32A44649800DF483C /* NetworkService.swift */ = {isa = PBXFileReference; lastKnownFileType = sourcecode.swift; path = NetworkService.swift; sourceTree = "<group>"; };
		44C61EE72A44653F00DF483C /* ItemModel.swift */ = {isa = PBXFileReference; lastKnownFileType = sourcecode.swift; path = ItemModel.swift; sourceTree = "<group>"; };
		44C61EE92A446D8000DF483C /* NetworkImplement.swift */ = {isa = PBXFileReference; lastKnownFileType = sourcecode.swift; path = NetworkImplement.swift; sourceTree = "<group>"; };
		44C61EEB2A44784500DF483C /* AssemblyModelBuilder.swift */ = {isa = PBXFileReference; lastKnownFileType = sourcecode.swift; path = AssemblyModelBuilder.swift; sourceTree = "<group>"; };
		44C61EEF2A456BF000DF483C /* HeaderBannerView.swift */ = {isa = PBXFileReference; lastKnownFileType = sourcecode.swift; path = HeaderBannerView.swift; sourceTree = "<group>"; };
		44C61EF52A456FDB00DF483C /* HeaderCell.swift */ = {isa = PBXFileReference; lastKnownFileType = sourcecode.swift; path = HeaderCell.swift; sourceTree = "<group>"; };
		44C61EF82A4573F100DF483C /* MenuTableCell.swift */ = {isa = PBXFileReference; lastKnownFileType = sourcecode.swift; path = MenuTableCell.swift; sourceTree = "<group>"; };
		44C61EFE2A45AE2500DF483C /* CategoriesView.swift */ = {isa = PBXFileReference; lastKnownFileType = sourcecode.swift; path = CategoriesView.swift; sourceTree = "<group>"; };
		44C61F012A45AE4E00DF483C /* CategoriesCell.swift */ = {isa = PBXFileReference; lastKnownFileType = sourcecode.swift; path = CategoriesCell.swift; sourceTree = "<group>"; };
/* End PBXFileReference section */

/* Begin PBXFrameworksBuildPhase section */
		44C61E8F2A444D9000DF483C /* Frameworks */ = {
			isa = PBXFrameworksBuildPhase;
			buildActionMask = 2147483647;
			files = (
				44C61EFC2A4577F900DF483C /* Kingfisher in Frameworks */,
			);
			runOnlyForDeploymentPostprocessing = 0;
		};
		44C61EA52A444D9200DF483C /* Frameworks */ = {
			isa = PBXFrameworksBuildPhase;
			buildActionMask = 2147483647;
			files = (
			);
			runOnlyForDeploymentPostprocessing = 0;
		};
		44C61EAF2A444D9200DF483C /* Frameworks */ = {
			isa = PBXFrameworksBuildPhase;
			buildActionMask = 2147483647;
			files = (
			);
			runOnlyForDeploymentPostprocessing = 0;
		};
/* End PBXFrameworksBuildPhase section */

/* Begin PBXGroup section */
		447E9C4B2A6E443500A0A9FD /* Coordinator */ = {
			isa = PBXGroup;
			children = (
				447E9C4D2A6E445500A0A9FD /* MainCoordinator.swift */,
			);
			path = Coordinator;
			sourceTree = "<group>";
		};
		44C61E892A444D9000DF483C = {
			isa = PBXGroup;
			children = (
				44C61E942A444D9000DF483C /* Pizza_mizza */,
				44C61EAB2A444D9200DF483C /* Pizza_mizzaTests */,
				44C61EB52A444D9200DF483C /* Pizza_mizzaUITests */,
				44C61E932A444D9000DF483C /* Products */,
			);
			sourceTree = "<group>";
		};
		44C61E932A444D9000DF483C /* Products */ = {
			isa = PBXGroup;
			children = (
				44C61E922A444D9000DF483C /* Pizza_mizza.app */,
				44C61EA82A444D9200DF483C /* Pizza_mizzaTests.xctest */,
				44C61EB22A444D9200DF483C /* Pizza_mizzaUITests.xctest */,
			);
			name = Products;
			sourceTree = "<group>";
		};
		44C61E942A444D9000DF483C /* Pizza_mizza */ = {
			isa = PBXGroup;
			children = (
				447E9C4B2A6E443500A0A9FD /* Coordinator */,
				44C61EE22A44641300DF483C /* NetworkLayer */,
				44C61ECF2A44551000DF483C /* Resources */,
				44C61EC82A44518500DF483C /* MenuScreen */,
				44C61E952A444D9000DF483C /* AppDelegate.swift */,
				44C61E972A444D9000DF483C /* SceneDelegate.swift */,
				44C61E9E2A444D9100DF483C /* Assets.xcassets */,
				44C61EA02A444D9100DF483C /* LaunchScreen.storyboard */,
				44C61EA32A444D9100DF483C /* Info.plist */,
				44C61EEB2A44784500DF483C /* AssemblyModelBuilder.swift */,
			);
			path = Pizza_mizza;
			sourceTree = "<group>";
		};
		44C61EAB2A444D9200DF483C /* Pizza_mizzaTests */ = {
			isa = PBXGroup;
			children = (
				44C61EAC2A444D9200DF483C /* Pizza_mizzaTests.swift */,
			);
			path = Pizza_mizzaTests;
			sourceTree = "<group>";
		};
		44C61EB52A444D9200DF483C /* Pizza_mizzaUITests */ = {
			isa = PBXGroup;
			children = (
				44C61EB62A444D9200DF483C /* Pizza_mizzaUITests.swift */,
				44C61EB82A444D9200DF483C /* Pizza_mizzaUITestsLaunchTests.swift */,
			);
			path = Pizza_mizzaUITests;
			sourceTree = "<group>";
		};
		44C61EC82A44518500DF483C /* MenuScreen */ = {
			isa = PBXGroup;
			children = (
				44C61ECB2A4451AB00DF483C /* Presenter */,
				44C61ECA2A4451A700DF483C /* View */,
				44C61EC92A4451A300DF483C /* Model */,
			);
			path = MenuScreen;
			sourceTree = "<group>";
		};
		44C61EC92A4451A300DF483C /* Model */ = {
			isa = PBXGroup;
			children = (
				44C61ED72A44588000DF483C /* MainModelProtocol */,
			);
			path = Model;
			sourceTree = "<group>";
		};
		44C61ECA2A4451A700DF483C /* View */ = {
			isa = PBXGroup;
			children = (
				44C61EF72A4573E600DF483C /* MenuTableCell */,
				44C61EF12A456BF400DF483C /* Header */,
				44C61E992A444D9000DF483C /* MenuViewController.swift */,
			);
			path = View;
			sourceTree = "<group>";
		};
		44C61ECB2A4451AB00DF483C /* Presenter */ = {
			isa = PBXGroup;
			children = (
				44C61EDE2A445EEE00DF483C /* MenuPresenterProtocol.swift */,
				44C61EE02A4463A600DF483C /* MenuPresenter.swift */,
			);
			path = Presenter;
			sourceTree = "<group>";
		};
		44C61ECF2A44551000DF483C /* Resources */ = {
			isa = PBXGroup;
			children = (
				44C61ED02A44551D00DF483C /* Constants.swift */,
			);
			path = Resources;
			sourceTree = "<group>";
		};
		44C61ED72A44588000DF483C /* MainModelProtocol */ = {
			isa = PBXGroup;
			children = (
				44C61ED82A44588B00DF483C /* MainModelProtocol.swift */,
				44C61EDC2A445D1D00DF483C /* MainModel.swift */,
			);
			path = MainModelProtocol;
			sourceTree = "<group>";
		};
		44C61EE22A44641300DF483C /* NetworkLayer */ = {
			isa = PBXGroup;
			children = (
				44C61EE62A44653700DF483C /* Model */,
				44C61EE32A44649800DF483C /* NetworkService.swift */,
				44C61EE92A446D8000DF483C /* NetworkImplement.swift */,
			);
			path = NetworkLayer;
			sourceTree = "<group>";
		};
		44C61EE62A44653700DF483C /* Model */ = {
			isa = PBXGroup;
			children = (
				44C61EE72A44653F00DF483C /* ItemModel.swift */,
			);
			path = Model;
			sourceTree = "<group>";
		};
		44C61EF12A456BF400DF483C /* Header */ = {
			isa = PBXGroup;
			children = (
				44C61EFD2A45AD0800DF483C /* Categories */,
				44C61EF42A456D6000DF483C /* HeaderCell */,
				44C61EEF2A456BF000DF483C /* HeaderBannerView.swift */,
			);
			path = Header;
			sourceTree = "<group>";
		};
		44C61EF42A456D6000DF483C /* HeaderCell */ = {
			isa = PBXGroup;
			children = (
				44C61EF52A456FDB00DF483C /* HeaderCell.swift */,
			);
			path = HeaderCell;
			sourceTree = "<group>";
		};
		44C61EF72A4573E600DF483C /* MenuTableCell */ = {
			isa = PBXGroup;
			children = (
				44C61EF82A4573F100DF483C /* MenuTableCell.swift */,
			);
			path = MenuTableCell;
			sourceTree = "<group>";
		};
		44C61EFD2A45AD0800DF483C /* Categories */ = {
			isa = PBXGroup;
			children = (
				44C61F002A45AE4300DF483C /* CategoriesCell */,
				44C61EFE2A45AE2500DF483C /* CategoriesView.swift */,
			);
			path = Categories;
			sourceTree = "<group>";
		};
		44C61F002A45AE4300DF483C /* CategoriesCell */ = {
			isa = PBXGroup;
			children = (
				44C61F012A45AE4E00DF483C /* CategoriesCell.swift */,
			);
			path = CategoriesCell;
			sourceTree = "<group>";
		};
/* End PBXGroup section */

/* Begin PBXNativeTarget section */
		44C61E912A444D9000DF483C /* Pizza_mizza */ = {
			isa = PBXNativeTarget;
			buildConfigurationList = 44C61EBC2A444D9200DF483C /* Build configuration list for PBXNativeTarget "Pizza_mizza" */;
			buildPhases = (
				44C61E8E2A444D9000DF483C /* Sources */,
				44C61E8F2A444D9000DF483C /* Frameworks */,
				44C61E902A444D9000DF483C /* Resources */,
			);
			buildRules = (
			);
			dependencies = (
			);
			name = Pizza_mizza;
			packageProductDependencies = (
				44C61EFB2A4577F900DF483C /* Kingfisher */,
			);
			productName = Pizza_mizza;
			productReference = 44C61E922A444D9000DF483C /* Pizza_mizza.app */;
			productType = "com.apple.product-type.application";
		};
		44C61EA72A444D9200DF483C /* Pizza_mizzaTests */ = {
			isa = PBXNativeTarget;
			buildConfigurationList = 44C61EBF2A444D9200DF483C /* Build configuration list for PBXNativeTarget "Pizza_mizzaTests" */;
			buildPhases = (
				44C61EA42A444D9200DF483C /* Sources */,
				44C61EA52A444D9200DF483C /* Frameworks */,
				44C61EA62A444D9200DF483C /* Resources */,
			);
			buildRules = (
			);
			dependencies = (
				44C61EAA2A444D9200DF483C /* PBXTargetDependency */,
			);
			name = Pizza_mizzaTests;
			productName = Pizza_mizzaTests;
			productReference = 44C61EA82A444D9200DF483C /* Pizza_mizzaTests.xctest */;
			productType = "com.apple.product-type.bundle.unit-test";
		};
		44C61EB12A444D9200DF483C /* Pizza_mizzaUITests */ = {
			isa = PBXNativeTarget;
			buildConfigurationList = 44C61EC22A444D9200DF483C /* Build configuration list for PBXNativeTarget "Pizza_mizzaUITests" */;
			buildPhases = (
				44C61EAE2A444D9200DF483C /* Sources */,
				44C61EAF2A444D9200DF483C /* Frameworks */,
				44C61EB02A444D9200DF483C /* Resources */,
			);
			buildRules = (
			);
			dependencies = (
				44C61EB42A444D9200DF483C /* PBXTargetDependency */,
			);
			name = Pizza_mizzaUITests;
			productName = Pizza_mizzaUITests;
			productReference = 44C61EB22A444D9200DF483C /* Pizza_mizzaUITests.xctest */;
			productType = "com.apple.product-type.bundle.ui-testing";
		};
/* End PBXNativeTarget section */

/* Begin PBXProject section */
		44C61E8A2A444D9000DF483C /* Project object */ = {
			isa = PBXProject;
			attributes = {
				BuildIndependentTargetsInParallel = 1;
				LastSwiftUpdateCheck = 1420;
				LastUpgradeCheck = 1420;
				TargetAttributes = {
					44C61E912A444D9000DF483C = {
						CreatedOnToolsVersion = 14.2;
					};
					44C61EA72A444D9200DF483C = {
						CreatedOnToolsVersion = 14.2;
						TestTargetID = 44C61E912A444D9000DF483C;
					};
					44C61EB12A444D9200DF483C = {
						CreatedOnToolsVersion = 14.2;
						TestTargetID = 44C61E912A444D9000DF483C;
					};
				};
			};
			buildConfigurationList = 44C61E8D2A444D9000DF483C /* Build configuration list for PBXProject "Pizza_mizza" */;
			compatibilityVersion = "Xcode 14.0";
			developmentRegion = en;
			hasScannedForEncodings = 0;
			knownRegions = (
				en,
				Base,
			);
			mainGroup = 44C61E892A444D9000DF483C;
			packageReferences = (
				44C61EFA2A4577F900DF483C /* XCRemoteSwiftPackageReference "Kingfisher" */,
			);
			productRefGroup = 44C61E932A444D9000DF483C /* Products */;
			projectDirPath = "";
			projectRoot = "";
			targets = (
				44C61E912A444D9000DF483C /* Pizza_mizza */,
				44C61EA72A444D9200DF483C /* Pizza_mizzaTests */,
				44C61EB12A444D9200DF483C /* Pizza_mizzaUITests */,
			);
		};
/* End PBXProject section */

/* Begin PBXResourcesBuildPhase section */
		44C61E902A444D9000DF483C /* Resources */ = {
			isa = PBXResourcesBuildPhase;
			buildActionMask = 2147483647;
			files = (
				44C61EA22A444D9100DF483C /* LaunchScreen.storyboard in Resources */,
				44C61E9F2A444D9100DF483C /* Assets.xcassets in Resources */,
			);
			runOnlyForDeploymentPostprocessing = 0;
		};
		44C61EA62A444D9200DF483C /* Resources */ = {
			isa = PBXResourcesBuildPhase;
			buildActionMask = 2147483647;
			files = (
			);
			runOnlyForDeploymentPostprocessing = 0;
		};
		44C61EB02A444D9200DF483C /* Resources */ = {
			isa = PBXResourcesBuildPhase;
			buildActionMask = 2147483647;
			files = (
			);
			runOnlyForDeploymentPostprocessing = 0;
		};
/* End PBXResourcesBuildPhase section */

/* Begin PBXSourcesBuildPhase section */
		44C61E8E2A444D9000DF483C /* Sources */ = {
			isa = PBXSourcesBuildPhase;
			buildActionMask = 2147483647;
			files = (
				44C61EE42A44649800DF483C /* NetworkService.swift in Sources */,
				44C61EF92A4573F100DF483C /* MenuTableCell.swift in Sources */,
				44C61EDD2A445D1D00DF483C /* MainModel.swift in Sources */,
				44C61E9A2A444D9000DF483C /* MenuViewController.swift in Sources */,
				44C61EEC2A44784500DF483C /* AssemblyModelBuilder.swift in Sources */,
				44C61E962A444D9000DF483C /* AppDelegate.swift in Sources */,
				44C61EE12A4463A600DF483C /* MenuPresenter.swift in Sources */,
				44C61F022A45AE4E00DF483C /* CategoriesCell.swift in Sources */,
				44C61EE82A44653F00DF483C /* ItemModel.swift in Sources */,
				44C61E982A444D9000DF483C /* SceneDelegate.swift in Sources */,
				44C61EF02A456BF000DF483C /* HeaderBannerView.swift in Sources */,
				447E9C4E2A6E445500A0A9FD /* MainCoordinator.swift in Sources */,
				44C61ED92A44588B00DF483C /* MainModelProtocol.swift in Sources */,
				44C61ED12A44551D00DF483C /* Constants.swift in Sources */,
				44C61EFF2A45AE2500DF483C /* CategoriesView.swift in Sources */,
				44C61EEA2A446D8000DF483C /* NetworkImplement.swift in Sources */,
				44C61EF62A456FDB00DF483C /* HeaderCell.swift in Sources */,
				44C61EDF2A445EEE00DF483C /* MenuPresenterProtocol.swift in Sources */,
			);
			runOnlyForDeploymentPostprocessing = 0;
		};
		44C61EA42A444D9200DF483C /* Sources */ = {
			isa = PBXSourcesBuildPhase;
			buildActionMask = 2147483647;
			files = (
				44C61EAD2A444D9200DF483C /* Pizza_mizzaTests.swift in Sources */,
			);
			runOnlyForDeploymentPostprocessing = 0;
		};
		44C61EAE2A444D9200DF483C /* Sources */ = {
			isa = PBXSourcesBuildPhase;
			buildActionMask = 2147483647;
			files = (
				44C61EB72A444D9200DF483C /* Pizza_mizzaUITests.swift in Sources */,
				44C61EB92A444D9200DF483C /* Pizza_mizzaUITestsLaunchTests.swift in Sources */,
			);
			runOnlyForDeploymentPostprocessing = 0;
		};
/* End PBXSourcesBuildPhase section */

/* Begin PBXTargetDependency section */
		44C61EAA2A444D9200DF483C /* PBXTargetDependency */ = {
			isa = PBXTargetDependency;
			target = 44C61E912A444D9000DF483C /* Pizza_mizza */;
			targetProxy = 44C61EA92A444D9200DF483C /* PBXContainerItemProxy */;
		};
		44C61EB42A444D9200DF483C /* PBXTargetDependency */ = {
			isa = PBXTargetDependency;
			target = 44C61E912A444D9000DF483C /* Pizza_mizza */;
			targetProxy = 44C61EB32A444D9200DF483C /* PBXContainerItemProxy */;
		};
/* End PBXTargetDependency section */

/* Begin PBXVariantGroup section */
		44C61EA02A444D9100DF483C /* LaunchScreen.storyboard */ = {
			isa = PBXVariantGroup;
			children = (
				44C61EA12A444D9100DF483C /* Base */,
			);
			name = LaunchScreen.storyboard;
			sourceTree = "<group>";
		};
/* End PBXVariantGroup section */

/* Begin XCBuildConfiguration section */
		44C61EBA2A444D9200DF483C /* Debug */ = {
			isa = XCBuildConfiguration;
			buildSettings = {
				ALWAYS_SEARCH_USER_PATHS = NO;
				CLANG_ANALYZER_NONNULL = YES;
				CLANG_ANALYZER_NUMBER_OBJECT_CONVERSION = YES_AGGRESSIVE;
				CLANG_CXX_LANGUAGE_STANDARD = "gnu++20";
				CLANG_ENABLE_MODULES = YES;
				CLANG_ENABLE_OBJC_ARC = YES;
				CLANG_ENABLE_OBJC_WEAK = YES;
				CLANG_WARN_BLOCK_CAPTURE_AUTORELEASING = YES;
				CLANG_WARN_BOOL_CONVERSION = YES;
				CLANG_WARN_COMMA = YES;
				CLANG_WARN_CONSTANT_CONVERSION = YES;
				CLANG_WARN_DEPRECATED_OBJC_IMPLEMENTATIONS = YES;
				CLANG_WARN_DIRECT_OBJC_ISA_USAGE = YES_ERROR;
				CLANG_WARN_DOCUMENTATION_COMMENTS = YES;
				CLANG_WARN_EMPTY_BODY = YES;
				CLANG_WARN_ENUM_CONVERSION = YES;
				CLANG_WARN_INFINITE_RECURSION = YES;
				CLANG_WARN_INT_CONVERSION = YES;
				CLANG_WARN_NON_LITERAL_NULL_CONVERSION = YES;
				CLANG_WARN_OBJC_IMPLICIT_RETAIN_SELF = YES;
				CLANG_WARN_OBJC_LITERAL_CONVERSION = YES;
				CLANG_WARN_OBJC_ROOT_CLASS = YES_ERROR;
				CLANG_WARN_QUOTED_INCLUDE_IN_FRAMEWORK_HEADER = YES;
				CLANG_WARN_RANGE_LOOP_ANALYSIS = YES;
				CLANG_WARN_STRICT_PROTOTYPES = YES;
				CLANG_WARN_SUSPICIOUS_MOVE = YES;
				CLANG_WARN_UNGUARDED_AVAILABILITY = YES_AGGRESSIVE;
				CLANG_WARN_UNREACHABLE_CODE = YES;
				CLANG_WARN__DUPLICATE_METHOD_MATCH = YES;
				COPY_PHASE_STRIP = NO;
				DEBUG_INFORMATION_FORMAT = dwarf;
				ENABLE_STRICT_OBJC_MSGSEND = YES;
				ENABLE_TESTABILITY = YES;
				GCC_C_LANGUAGE_STANDARD = gnu11;
				GCC_DYNAMIC_NO_PIC = NO;
				GCC_NO_COMMON_BLOCKS = YES;
				GCC_OPTIMIZATION_LEVEL = 0;
				GCC_PREPROCESSOR_DEFINITIONS = (
					"DEBUG=1",
					"$(inherited)",
				);
				GCC_WARN_64_TO_32_BIT_CONVERSION = YES;
				GCC_WARN_ABOUT_RETURN_TYPE = YES_ERROR;
				GCC_WARN_UNDECLARED_SELECTOR = YES;
				GCC_WARN_UNINITIALIZED_AUTOS = YES_AGGRESSIVE;
				GCC_WARN_UNUSED_FUNCTION = YES;
				GCC_WARN_UNUSED_VARIABLE = YES;
				IPHONEOS_DEPLOYMENT_TARGET = 14.0;
				MTL_ENABLE_DEBUG_INFO = INCLUDE_SOURCE;
				MTL_FAST_MATH = YES;
				ONLY_ACTIVE_ARCH = YES;
				SDKROOT = iphoneos;
				SWIFT_ACTIVE_COMPILATION_CONDITIONS = DEBUG;
				SWIFT_OPTIMIZATION_LEVEL = "-Onone";
			};
			name = Debug;
		};
		44C61EBB2A444D9200DF483C /* Release */ = {
			isa = XCBuildConfiguration;
			buildSettings = {
				ALWAYS_SEARCH_USER_PATHS = NO;
				CLANG_ANALYZER_NONNULL = YES;
				CLANG_ANALYZER_NUMBER_OBJECT_CONVERSION = YES_AGGRESSIVE;
				CLANG_CXX_LANGUAGE_STANDARD = "gnu++20";
				CLANG_ENABLE_MODULES = YES;
				CLANG_ENABLE_OBJC_ARC = YES;
				CLANG_ENABLE_OBJC_WEAK = YES;
				CLANG_WARN_BLOCK_CAPTURE_AUTORELEASING = YES;
				CLANG_WARN_BOOL_CONVERSION = YES;
				CLANG_WARN_COMMA = YES;
				CLANG_WARN_CONSTANT_CONVERSION = YES;
				CLANG_WARN_DEPRECATED_OBJC_IMPLEMENTATIONS = YES;
				CLANG_WARN_DIRECT_OBJC_ISA_USAGE = YES_ERROR;
				CLANG_WARN_DOCUMENTATION_COMMENTS = YES;
				CLANG_WARN_EMPTY_BODY = YES;
				CLANG_WARN_ENUM_CONVERSION = YES;
				CLANG_WARN_INFINITE_RECURSION = YES;
				CLANG_WARN_INT_CONVERSION = YES;
				CLANG_WARN_NON_LITERAL_NULL_CONVERSION = YES;
				CLANG_WARN_OBJC_IMPLICIT_RETAIN_SELF = YES;
				CLANG_WARN_OBJC_LITERAL_CONVERSION = YES;
				CLANG_WARN_OBJC_ROOT_CLASS = YES_ERROR;
				CLANG_WARN_QUOTED_INCLUDE_IN_FRAMEWORK_HEADER = YES;
				CLANG_WARN_RANGE_LOOP_ANALYSIS = YES;
				CLANG_WARN_STRICT_PROTOTYPES = YES;
				CLANG_WARN_SUSPICIOUS_MOVE = YES;
				CLANG_WARN_UNGUARDED_AVAILABILITY = YES_AGGRESSIVE;
				CLANG_WARN_UNREACHABLE_CODE = YES;
				CLANG_WARN__DUPLICATE_METHOD_MATCH = YES;
				COPY_PHASE_STRIP = NO;
				DEBUG_INFORMATION_FORMAT = "dwarf-with-dsym";
				ENABLE_NS_ASSERTIONS = NO;
				ENABLE_STRICT_OBJC_MSGSEND = YES;
				GCC_C_LANGUAGE_STANDARD = gnu11;
				GCC_NO_COMMON_BLOCKS = YES;
				GCC_WARN_64_TO_32_BIT_CONVERSION = YES;
				GCC_WARN_ABOUT_RETURN_TYPE = YES_ERROR;
				GCC_WARN_UNDECLARED_SELECTOR = YES;
				GCC_WARN_UNINITIALIZED_AUTOS = YES_AGGRESSIVE;
				GCC_WARN_UNUSED_FUNCTION = YES;
				GCC_WARN_UNUSED_VARIABLE = YES;
				IPHONEOS_DEPLOYMENT_TARGET = 14.0;
				MTL_ENABLE_DEBUG_INFO = NO;
				MTL_FAST_MATH = YES;
				SDKROOT = iphoneos;
				SWIFT_COMPILATION_MODE = wholemodule;
				SWIFT_OPTIMIZATION_LEVEL = "-O";
				VALIDATE_PRODUCT = YES;
			};
			name = Release;
		};
		44C61EBD2A444D9200DF483C /* Debug */ = {
			isa = XCBuildConfiguration;
			buildSettings = {
				ASSETCATALOG_COMPILER_APPICON_NAME = AppIcon;
				ASSETCATALOG_COMPILER_GLOBAL_ACCENT_COLOR_NAME = AccentColor;
				CODE_SIGN_STYLE = Automatic;
				CURRENT_PROJECT_VERSION = 1;
				DEVELOPMENT_TEAM = Q7D95C8V9R;
				GENERATE_INFOPLIST_FILE = YES;
				INFOPLIST_FILE = Pizza_mizza/Info.plist;
				INFOPLIST_KEY_UIApplicationSupportsIndirectInputEvents = YES;
				INFOPLIST_KEY_UILaunchStoryboardName = LaunchScreen;
				INFOPLIST_KEY_UISupportedInterfaceOrientations_iPad = "UIInterfaceOrientationPortrait UIInterfaceOrientationPortraitUpsideDown UIInterfaceOrientationLandscapeLeft UIInterfaceOrientationLandscapeRight";
				INFOPLIST_KEY_UISupportedInterfaceOrientations_iPhone = "UIInterfaceOrientationPortrait UIInterfaceOrientationLandscapeLeft UIInterfaceOrientationLandscapeRight";
				LD_RUNPATH_SEARCH_PATHS = (
					"$(inherited)",
					"@executable_path/Frameworks",
				);
				MARKETING_VERSION = 1.0;
				PRODUCT_BUNDLE_IDENTIFIER = "com.artem.Pizza-mizza";
				PRODUCT_NAME = "$(TARGET_NAME)";
				SWIFT_EMIT_LOC_STRINGS = YES;
				SWIFT_VERSION = 5.0;
				TARGETED_DEVICE_FAMILY = "1,2";
			};
			name = Debug;
		};
		44C61EBE2A444D9200DF483C /* Release */ = {
			isa = XCBuildConfiguration;
			buildSettings = {
				ASSETCATALOG_COMPILER_APPICON_NAME = AppIcon;
				ASSETCATALOG_COMPILER_GLOBAL_ACCENT_COLOR_NAME = AccentColor;
				CODE_SIGN_STYLE = Automatic;
				CURRENT_PROJECT_VERSION = 1;
				DEVELOPMENT_TEAM = Q7D95C8V9R;
				GENERATE_INFOPLIST_FILE = YES;
				INFOPLIST_FILE = Pizza_mizza/Info.plist;
				INFOPLIST_KEY_UIApplicationSupportsIndirectInputEvents = YES;
				INFOPLIST_KEY_UILaunchStoryboardName = LaunchScreen;
				INFOPLIST_KEY_UISupportedInterfaceOrientations_iPad = "UIInterfaceOrientationPortrait UIInterfaceOrientationPortraitUpsideDown UIInterfaceOrientationLandscapeLeft UIInterfaceOrientationLandscapeRight";
				INFOPLIST_KEY_UISupportedInterfaceOrientations_iPhone = "UIInterfaceOrientationPortrait UIInterfaceOrientationLandscapeLeft UIInterfaceOrientationLandscapeRight";
				LD_RUNPATH_SEARCH_PATHS = (
					"$(inherited)",
					"@executable_path/Frameworks",
				);
				MARKETING_VERSION = 1.0;
				PRODUCT_BUNDLE_IDENTIFIER = "com.artem.Pizza-mizza";
				PRODUCT_NAME = "$(TARGET_NAME)";
				SWIFT_EMIT_LOC_STRINGS = YES;
				SWIFT_VERSION = 5.0;
				TARGETED_DEVICE_FAMILY = "1,2";
			};
			name = Release;
		};
		44C61EC02A444D9200DF483C /* Debug */ = {
			isa = XCBuildConfiguration;
			buildSettings = {
				ALWAYS_EMBED_SWIFT_STANDARD_LIBRARIES = YES;
				BUNDLE_LOADER = "$(TEST_HOST)";
				CODE_SIGN_STYLE = Automatic;
				CURRENT_PROJECT_VERSION = 1;
				DEVELOPMENT_TEAM = Q7D95C8V9R;
				GENERATE_INFOPLIST_FILE = YES;
				IPHONEOS_DEPLOYMENT_TARGET = 16.2;
				MARKETING_VERSION = 1.0;
				PRODUCT_BUNDLE_IDENTIFIER = "com.artem.Pizza-mizzaTests";
				PRODUCT_NAME = "$(TARGET_NAME)";
				SWIFT_EMIT_LOC_STRINGS = NO;
				SWIFT_VERSION = 5.0;
				TARGETED_DEVICE_FAMILY = "1,2";
				TEST_HOST = "$(BUILT_PRODUCTS_DIR)/Pizza_mizza.app/$(BUNDLE_EXECUTABLE_FOLDER_PATH)/Pizza_mizza";
			};
			name = Debug;
		};
		44C61EC12A444D9200DF483C /* Release */ = {
			isa = XCBuildConfiguration;
			buildSettings = {
				ALWAYS_EMBED_SWIFT_STANDARD_LIBRARIES = YES;
				BUNDLE_LOADER = "$(TEST_HOST)";
				CODE_SIGN_STYLE = Automatic;
				CURRENT_PROJECT_VERSION = 1;
				DEVELOPMENT_TEAM = Q7D95C8V9R;
				GENERATE_INFOPLIST_FILE = YES;
				IPHONEOS_DEPLOYMENT_TARGET = 16.2;
				MARKETING_VERSION = 1.0;
				PRODUCT_BUNDLE_IDENTIFIER = "com.artem.Pizza-mizzaTests";
				PRODUCT_NAME = "$(TARGET_NAME)";
				SWIFT_EMIT_LOC_STRINGS = NO;
				SWIFT_VERSION = 5.0;
				TARGETED_DEVICE_FAMILY = "1,2";
				TEST_HOST = "$(BUILT_PRODUCTS_DIR)/Pizza_mizza.app/$(BUNDLE_EXECUTABLE_FOLDER_PATH)/Pizza_mizza";
			};
			name = Release;
		};
		44C61EC32A444D9200DF483C /* Debug */ = {
			isa = XCBuildConfiguration;
			buildSettings = {
				ALWAYS_EMBED_SWIFT_STANDARD_LIBRARIES = YES;
				CODE_SIGN_STYLE = Automatic;
				CURRENT_PROJECT_VERSION = 1;
				DEVELOPMENT_TEAM = Q7D95C8V9R;
				GENERATE_INFOPLIST_FILE = YES;
				MARKETING_VERSION = 1.0;
				PRODUCT_BUNDLE_IDENTIFIER = "com.artem.Pizza-mizzaUITests";
				PRODUCT_NAME = "$(TARGET_NAME)";
				SWIFT_EMIT_LOC_STRINGS = NO;
				SWIFT_VERSION = 5.0;
				TARGETED_DEVICE_FAMILY = "1,2";
				TEST_TARGET_NAME = Pizza_mizza;
			};
			name = Debug;
		};
		44C61EC42A444D9200DF483C /* Release */ = {
			isa = XCBuildConfiguration;
			buildSettings = {
				ALWAYS_EMBED_SWIFT_STANDARD_LIBRARIES = YES;
				CODE_SIGN_STYLE = Automatic;
				CURRENT_PROJECT_VERSION = 1;
				DEVELOPMENT_TEAM = Q7D95C8V9R;
				GENERATE_INFOPLIST_FILE = YES;
				MARKETING_VERSION = 1.0;
				PRODUCT_BUNDLE_IDENTIFIER = "com.artem.Pizza-mizzaUITests";
				PRODUCT_NAME = "$(TARGET_NAME)";
				SWIFT_EMIT_LOC_STRINGS = NO;
				SWIFT_VERSION = 5.0;
				TARGETED_DEVICE_FAMILY = "1,2";
				TEST_TARGET_NAME = Pizza_mizza;
			};
			name = Release;
		};
/* End XCBuildConfiguration section */

/* Begin XCConfigurationList section */
		44C61E8D2A444D9000DF483C /* Build configuration list for PBXProject "Pizza_mizza" */ = {
			isa = XCConfigurationList;
			buildConfigurations = (
				44C61EBA2A444D9200DF483C /* Debug */,
				44C61EBB2A444D9200DF483C /* Release */,
			);
			defaultConfigurationIsVisible = 0;
			defaultConfigurationName = Release;
		};
		44C61EBC2A444D9200DF483C /* Build configuration list for PBXNativeTarget "Pizza_mizza" */ = {
			isa = XCConfigurationList;
			buildConfigurations = (
				44C61EBD2A444D9200DF483C /* Debug */,
				44C61EBE2A444D9200DF483C /* Release */,
			);
			defaultConfigurationIsVisible = 0;
			defaultConfigurationName = Release;
		};
		44C61EBF2A444D9200DF483C /* Build configuration list for PBXNativeTarget "Pizza_mizzaTests" */ = {
			isa = XCConfigurationList;
			buildConfigurations = (
				44C61EC02A444D9200DF483C /* Debug */,
				44C61EC12A444D9200DF483C /* Release */,
			);
			defaultConfigurationIsVisible = 0;
			defaultConfigurationName = Release;
		};
		44C61EC22A444D9200DF483C /* Build configuration list for PBXNativeTarget "Pizza_mizzaUITests" */ = {
			isa = XCConfigurationList;
			buildConfigurations = (
				44C61EC32A444D9200DF483C /* Debug */,
				44C61EC42A444D9200DF483C /* Release */,
			);
			defaultConfigurationIsVisible = 0;
			defaultConfigurationName = Release;
		};
/* End XCConfigurationList section */

/* Begin XCRemoteSwiftPackageReference section */
		44C61EFA2A4577F900DF483C /* XCRemoteSwiftPackageReference "Kingfisher" */ = {
			isa = XCRemoteSwiftPackageReference;
			repositoryURL = "https://github.com/onevcat/Kingfisher.git";
			requirement = {
				branch = master;
				kind = branch;
			};
		};
/* End XCRemoteSwiftPackageReference section */

/* Begin XCSwiftPackageProductDependency section */
		44C61EFB2A4577F900DF483C /* Kingfisher */ = {
			isa = XCSwiftPackageProductDependency;
			package = 44C61EFA2A4577F900DF483C /* XCRemoteSwiftPackageReference "Kingfisher" */;
			productName = Kingfisher;
		};
/* End XCSwiftPackageProductDependency section */
	};
	rootObject = 44C61E8A2A444D9000DF483C /* Project object */;
}
